
Microsoft Visual Studio Solution File, Format Version 12.00
# Visual Studio Version 17
VisualStudioVersion = 17.14.36414.22
MinimumVisualStudioVersion = 10.0.40219.1
Project("{2150E333-8FDC-42A3-9474-1A3956D46DE8}") = "Task0", "Task0", "{02EA681E-C7D8-13C7-8484-4AC65E1B71E8}"
EndProject
Project("{FAE04EC0-301F-11D3-BF4B-00C04F79EFBC}") = "Tyuiu.ZakachurinIE.Sprint5.Task0.V23", "Tyuiu.ZakachurinIE.Sprint5.Task0.V23\Tyuiu.ZakachurinIE.Sprint5.Task0.V23.csproj", "{C76AB3E3-1554-43DE-B4A4-0011D9BE8C0E}"
EndProject
Project("{FAE04EC0-301F-11D3-BF4B-00C04F79EFBC}") = "Tyuiu.ZakachurinIE.Sprint5.Task0.V23.Lib", "Tyuiu.ZakachurinIE.Sprint5.Task0.V23.Lib\Tyuiu.ZakachurinIE.Sprint5.Task0.V23.Lib.csproj", "{175D6260-9F3F-480E-ADAD-65C5EA656290}"
EndProject
Project("{FAE04EC0-301F-11D3-BF4B-00C04F79EFBC}") = "Tyuiu.ZakachurinIE.Sprint5.Task0.V23.Test", "Tyuiu.ZakachurinIE.Sprint5.Task0.V23.Test\Tyuiu.ZakachurinIE.Sprint5.Task0.V23.Test.csproj", "{2B70B2EC-53D9-4D33-B9F7-4A12E003D294}"
EndProject
Project("{2150E333-8FDC-42A3-9474-1A3956D46DE8}") = "Task1", "Task1", "{FF950FC6-5AD6-4A05-B1A0-3E88AE8EB7EE}"
EndProject
Project("{FAE04EC0-301F-11D3-BF4B-00C04F79EFBC}") = "Tyuiu.ZakachurinIE.Sprint5.Task1.V9", "Tyuiu.ZakachurinIE.Sprint5.Task1.V9\Tyuiu.ZakachurinIE.Sprint5.Task1.V9.csproj", "{940F0C79-CDC0-4856-98D0-70761E52F9C6}"
EndProject
Project("{FAE04EC0-301F-11D3-BF4B-00C04F79EFBC}") = "Tyuiu.ZakachurinIE.Sprint5.Task1.V9.Lib", "Tyuiu.ZakachurinIE.Sprint5.Task1.V9.Lib\Tyuiu.ZakachurinIE.Sprint5.Task1.V9.Lib.csproj", "{520D41B7-75C5-4B1F-9C1F-D9256BDF9B4D}"
EndProject
Project("{FAE04EC0-301F-11D3-BF4B-00C04F79EFBC}") = "Tyuiu.ZakachurinIE.Sprint5.Task1.V9.Test", "Tyuiu.ZakachurinIE.Sprint5.Task1.V9.Test\Tyuiu.ZakachurinIE.Sprint5.Task1.V9.Test.csproj", "{2B954943-9365-4DE7-868E-454A58A7E234}"
EndProject
Project("{2150E333-8FDC-42A3-9474-1A3956D46DE8}") = "Task2", "Task2", "{0850C7AC-4834-4965-B90F-6E260C02ACB6}"
EndProject
Project("{FAE04EC0-301F-11D3-BF4B-00C04F79EFBC}") = "Tyuiu.ZakachurinIE.Sprint5.Task2.V12", "Tyuiu.ZakachurinIE.Sprint5.Task2.V12\Tyuiu.ZakachurinIE.Sprint5.Task2.V12.csproj", "{95894EFA-839C-4A1C-8918-EE90A70EDBAD}"
EndProject
Project("{FAE04EC0-301F-11D3-BF4B-00C04F79EFBC}") = "Tyuiu.ZakachurinIE.Sprint5.Task2.V12.Lib", "Tyuiu.ZakachurinIE.Sprint5.Task2.V12.Lib\Tyuiu.ZakachurinIE.Sprint5.Task2.V12.Lib.csproj", "{EE852FA7-D008-4367-8F56-CB3F1B0C5716}"
EndProject
Project("{FAE04EC0-301F-11D3-BF4B-00C04F79EFBC}") = "Tyuiu.ZakachurinIE.Sprint5.Task2.V12.Test", "Tyuiu.ZakachurinIE.Sprint5.Task2.V12.Test\Tyuiu.ZakachurinIE.Sprint5.Task2.V12.Test.csproj", "{E5F4A18C-7762-4539-86B6-A844979A235C}"
EndProject
Project("{2150E333-8FDC-42A3-9474-1A3956D46DE8}") = "Task3", "Task3", "{CFD739F2-3D10-4DF7-939A-7E845E4F03D0}"
EndProject
Project("{FAE04EC0-301F-11D3-BF4B-00C04F79EFBC}") = "Tyuiu.ZakachurinIE.Sprint5.Task3.V23", "Tyuiu.ZakachurinIE.Sprint5.Task3.V23\Tyuiu.ZakachurinIE.Sprint5.Task3.V23.csproj", "{BFAB50E5-1AAF-478F-9307-A3598634E05E}"
EndProject
Project("{FAE04EC0-301F-11D3-BF4B-00C04F79EFBC}") = "Tyuiu.ZakachurinIE.Sprint5.Task3.V23.Lib", "Tyuiu.ZakachurinIE.Sprint5.Task3.V23.Lib\Tyuiu.ZakachurinIE.Sprint5.Task3.V23.Lib.csproj", "{B7CDC42E-43A0-4B69-9A56-1BC57619769C}"
EndProject
Project("{FAE04EC0-301F-11D3-BF4B-00C04F79EFBC}") = "Tyuiu.ZakachurinIE.Sprint5.Task3.V23.Test", "Tyuiu.ZakachurinIE.Sprint5.Task3.V23.Test\Tyuiu.ZakachurinIE.Sprint5.Task3.V23.Test.csproj", "{38A3E1A4-EF39-40C9-A263-CB5427FE0ADE}"
EndProject
Project("{2150E333-8FDC-42A3-9474-1A3956D46DE8}") = "Task4", "Task4", "{F5B2467B-7F2B-4AE0-A423-A55874F4FDDF}"
EndProject
Project("{FAE04EC0-301F-11D3-BF4B-00C04F79EFBC}") = "Tyuiu.ZakachurinIE.Sprint5.Task4.V11", "Tyuiu.ZakachurinIE.Sprint5.Task4.V11\Tyuiu.ZakachurinIE.Sprint5.Task4.V11.csproj", "{54196613-CACF-4EC5-BF2E-7FB7881508BE}"
EndProject
Project("{FAE04EC0-301F-11D3-BF4B-00C04F79EFBC}") = "Tyuiu.ZakachurinIE.Sprint5.Task4.V11.Lib", "Tyuiu.ZakachurinIE.Sprint5.Task4.V11.Lib\Tyuiu.ZakachurinIE.Sprint5.Task4.V11.Lib.csproj", "{455FC253-727D-468C-ADCF-99F25CAEA03F}"
EndProject
Project("{FAE04EC0-301F-11D3-BF4B-00C04F79EFBC}") = "Tyuiu.ZakachurinIE.Sprint5.Task4.V11.Test", "Tyuiu.ZakachurinIE.Sprint5.Task4.V11.Test\Tyuiu.ZakachurinIE.Sprint5.Task4.V11.Test.csproj", "{81EE4F7E-5008-4F58-9275-08B40E5702CE}"
EndProject
Global
	GlobalSection(SolutionConfigurationPlatforms) = preSolution
		Debug|Any CPU = Debug|Any CPU
		Release|Any CPU = Release|Any CPU
	EndGlobalSection
	GlobalSection(ProjectConfigurationPlatforms) = postSolution
		{C76AB3E3-1554-43DE-B4A4-0011D9BE8C0E}.Debug|Any CPU.ActiveCfg = Debug|Any CPU
		{C76AB3E3-1554-43DE-B4A4-0011D9BE8C0E}.Debug|Any CPU.Build.0 = Debug|Any CPU
		{C76AB3E3-1554-43DE-B4A4-0011D9BE8C0E}.Release|Any CPU.ActiveCfg = Release|Any CPU
		{C76AB3E3-1554-43DE-B4A4-0011D9BE8C0E}.Release|Any CPU.Build.0 = Release|Any CPU
		{175D6260-9F3F-480E-ADAD-65C5EA656290}.Debug|Any CPU.ActiveCfg = Debug|Any CPU
		{175D6260-9F3F-480E-ADAD-65C5EA656290}.Debug|Any CPU.Build.0 = Debug|Any CPU
		{175D6260-9F3F-480E-ADAD-65C5EA656290}.Release|Any CPU.ActiveCfg = Release|Any CPU
		{175D6260-9F3F-480E-ADAD-65C5EA656290}.Release|Any CPU.Build.0 = Release|Any CPU
		{2B70B2EC-53D9-4D33-B9F7-4A12E003D294}.Debug|Any CPU.ActiveCfg = Debug|Any CPU
		{2B70B2EC-53D9-4D33-B9F7-4A12E003D294}.Debug|Any CPU.Build.0 = Debug|Any CPU
		{2B70B2EC-53D9-4D33-B9F7-4A12E003D294}.Release|Any CPU.ActiveCfg = Release|Any CPU
		{2B70B2EC-53D9-4D33-B9F7-4A12E003D294}.Release|Any CPU.Build.0 = Release|Any CPU
		{940F0C79-CDC0-4856-98D0-70761E52F9C6}.Debug|Any CPU.ActiveCfg = Debug|Any CPU
		{940F0C79-CDC0-4856-98D0-70761E52F9C6}.Debug|Any CPU.Build.0 = Debug|Any CPU
		{940F0C79-CDC0-4856-98D0-70761E52F9C6}.Release|Any CPU.ActiveCfg = Release|Any CPU
		{940F0C79-CDC0-4856-98D0-70761E52F9C6}.Release|Any CPU.Build.0 = Release|Any CPU
		{520D41B7-75C5-4B1F-9C1F-D9256BDF9B4D}.Debug|Any CPU.ActiveCfg = Debug|Any CPU
		{520D41B7-75C5-4B1F-9C1F-D9256BDF9B4D}.Debug|Any CPU.Build.0 = Debug|Any CPU
		{520D41B7-75C5-4B1F-9C1F-D9256BDF9B4D}.Release|Any CPU.ActiveCfg = Release|Any CPU
		{520D41B7-75C5-4B1F-9C1F-D9256BDF9B4D}.Release|Any CPU.Build.0 = Release|Any CPU
		{2B954943-9365-4DE7-868E-454A58A7E234}.Debug|Any CPU.ActiveCfg = Debug|Any CPU
		{2B954943-9365-4DE7-868E-454A58A7E234}.Debug|Any CPU.Build.0 = Debug|Any CPU
		{2B954943-9365-4DE7-868E-454A58A7E234}.Release|Any CPU.ActiveCfg = Release|Any CPU
		{2B954943-9365-4DE7-868E-454A58A7E234}.Release|Any CPU.Build.0 = Release|Any CPU
		{95894EFA-839C-4A1C-8918-EE90A70EDBAD}.Debug|Any CPU.ActiveCfg = Debug|Any CPU
		{95894EFA-839C-4A1C-8918-EE90A70EDBAD}.Debug|Any CPU.Build.0 = Debug|Any CPU
		{95894EFA-839C-4A1C-8918-EE90A70EDBAD}.Release|Any CPU.ActiveCfg = Release|Any CPU
		{95894EFA-839C-4A1C-8918-EE90A70EDBAD}.Release|Any CPU.Build.0 = Release|Any CPU
		{EE852FA7-D008-4367-8F56-CB3F1B0C5716}.Debug|Any CPU.ActiveCfg = Debug|Any CPU
		{EE852FA7-D008-4367-8F56-CB3F1B0C5716}.Debug|Any CPU.Build.0 = Debug|Any CPU
		{EE852FA7-D008-4367-8F56-CB3F1B0C5716}.Release|Any CPU.ActiveCfg = Release|Any CPU
		{EE852FA7-D008-4367-8F56-CB3F1B0C5716}.Release|Any CPU.Build.0 = Release|Any CPU
		{E5F4A18C-7762-4539-86B6-A844979A235C}.Debug|Any CPU.ActiveCfg = Debug|Any CPU
		{E5F4A18C-7762-4539-86B6-A844979A235C}.Debug|Any CPU.Build.0 = Debug|Any CPU
		{E5F4A18C-7762-4539-86B6-A844979A235C}.Release|Any CPU.ActiveCfg = Release|Any CPU
		{E5F4A18C-7762-4539-86B6-A844979A235C}.Release|Any CPU.Build.0 = Release|Any CPU
		{BFAB50E5-1AAF-478F-9307-A3598634E05E}.Debug|Any CPU.ActiveCfg = Debug|Any CPU
		{BFAB50E5-1AAF-478F-9307-A3598634E05E}.Debug|Any CPU.Build.0 = Debug|Any CPU
		{BFAB50E5-1AAF-478F-9307-A3598634E05E}.Release|Any CPU.ActiveCfg = Release|Any CPU
		{BFAB50E5-1AAF-478F-9307-A3598634E05E}.Release|Any CPU.Build.0 = Release|Any CPU
		{B7CDC42E-43A0-4B69-9A56-1BC57619769C}.Debug|Any CPU.ActiveCfg = Debug|Any CPU
		{B7CDC42E-43A0-4B69-9A56-1BC57619769C}.Debug|Any CPU.Build.0 = Debug|Any CPU
		{B7CDC42E-43A0-4B69-9A56-1BC57619769C}.Release|Any CPU.ActiveCfg = Release|Any CPU
		{B7CDC42E-43A0-4B69-9A56-1BC57619769C}.Release|Any CPU.Build.0 = Release|Any CPU
		{38A3E1A4-EF39-40C9-A263-CB5427FE0ADE}.Debug|Any CPU.ActiveCfg = Debug|Any CPU
		{38A3E1A4-EF39-40C9-A263-CB5427FE0ADE}.Debug|Any CPU.Build.0 = Debug|Any CPU
		{38A3E1A4-EF39-40C9-A263-CB5427FE0ADE}.Release|Any CPU.ActiveCfg = Release|Any CPU
		{38A3E1A4-EF39-40C9-A263-CB5427FE0ADE}.Release|Any CPU.Build.0 = Release|Any CPU
		{54196613-CACF-4EC5-BF2E-7FB7881508BE}.Debug|Any CPU.ActiveCfg = Debug|Any CPU
		{54196613-CACF-4EC5-BF2E-7FB7881508BE}.Debug|Any CPU.Build.0 = Debug|Any CPU
		{54196613-CACF-4EC5-BF2E-7FB7881508BE}.Release|Any CPU.ActiveCfg = Release|Any CPU
		{54196613-CACF-4EC5-BF2E-7FB7881508BE}.Release|Any CPU.Build.0 = Release|Any CPU
		{455FC253-727D-468C-ADCF-99F25CAEA03F}.Debug|Any CPU.ActiveCfg = Debug|Any CPU
		{455FC253-727D-468C-ADCF-99F25CAEA03F}.Debug|Any CPU.Build.0 = Debug|Any CPU
		{455FC253-727D-468C-ADCF-99F25CAEA03F}.Release|Any CPU.ActiveCfg = Release|Any CPU
		{455FC253-727D-468C-ADCF-99F25CAEA03F}.Release|Any CPU.Build.0 = Release|Any CPU
		{81EE4F7E-5008-4F58-9275-08B40E5702CE}.Debug|Any CPU.ActiveCfg = Debug|Any CPU
		{81EE4F7E-5008-4F58-9275-08B40E5702CE}.Debug|Any CPU.Build.0 = Debug|Any CPU
		{81EE4F7E-5008-4F58-9275-08B40E5702CE}.Release|Any CPU.ActiveCfg = Release|Any CPU
		{81EE4F7E-5008-4F58-9275-08B40E5702CE}.Release|Any CPU.Build.0 = Release|Any CPU
	EndGlobalSection
	GlobalSection(SolutionProperties) = preSolution
		HideSolutionNode = FALSE
	EndGlobalSection
	GlobalSection(NestedProjects) = preSolution
		{C76AB3E3-1554-43DE-B4A4-0011D9BE8C0E} = {02EA681E-C7D8-13C7-8484-4AC65E1B71E8}
		{175D6260-9F3F-480E-ADAD-65C5EA656290} = {02EA681E-C7D8-13C7-8484-4AC65E1B71E8}
		{2B70B2EC-53D9-4D33-B9F7-4A12E003D294} = {02EA681E-C7D8-13C7-8484-4AC65E1B71E8}
		{940F0C79-CDC0-4856-98D0-70761E52F9C6} = {FF950FC6-5AD6-4A05-B1A0-3E88AE8EB7EE}
		{520D41B7-75C5-4B1F-9C1F-D9256BDF9B4D} = {FF950FC6-5AD6-4A05-B1A0-3E88AE8EB7EE}
		{2B954943-9365-4DE7-868E-454A58A7E234} = {FF950FC6-5AD6-4A05-B1A0-3E88AE8EB7EE}
		{95894EFA-839C-4A1C-8918-EE90A70EDBAD} = {0850C7AC-4834-4965-B90F-6E260C02ACB6}
		{EE852FA7-D008-4367-8F56-CB3F1B0C5716} = {0850C7AC-4834-4965-B90F-6E260C02ACB6}
		{E5F4A18C-7762-4539-86B6-A844979A235C} = {0850C7AC-4834-4965-B90F-6E260C02ACB6}
		{BFAB50E5-1AAF-478F-9307-A3598634E05E} = {CFD739F2-3D10-4DF7-939A-7E845E4F03D0}
		{B7CDC42E-43A0-4B69-9A56-1BC57619769C} = {CFD739F2-3D10-4DF7-939A-7E845E4F03D0}
		{38A3E1A4-EF39-40C9-A263-CB5427FE0ADE} = {CFD739F2-3D10-4DF7-939A-7E845E4F03D0}
		{54196613-CACF-4EC5-BF2E-7FB7881508BE} = {F5B2467B-7F2B-4AE0-A423-A55874F4FDDF}
		{455FC253-727D-468C-ADCF-99F25CAEA03F} = {F5B2467B-7F2B-4AE0-A423-A55874F4FDDF}
		{81EE4F7E-5008-4F58-9275-08B40E5702CE} = {F5B2467B-7F2B-4AE0-A423-A55874F4FDDF}
	EndGlobalSection
	GlobalSection(ExtensibilityGlobals) = postSolution
		SolutionGuid = {E255FEDD-DC4B-4ED3-9D23-1EE0AF5DA8ED}
	EndGlobalSection
EndGlobal
